{
  "name": "npa-mat-datepicker",
  "version": "0.0.1",
  "lockfileVersion": 1,
  "requires": true,
  "dependencies": {
    "@angular/material": {
      "version": "7.3.3",
      "resolved": "https://registry.npmjs.org/@angular/material/-/material-7.3.3.tgz",
      "integrity": "sha512-DZdJaVpXsd5QlfpN5P871llw8AKh5QvRiyro3QRmEajYN85Xiawqpbt7O60TrwcFM6DzYLI3UeyWq8LFdmi/+Q==",
      "requires": {
        "tslib": "^1.7.1"
      }
    },
    "tslib": {
      "version": "1.9.3",
      "resolved": "https://registry.npmjs.org/tslib/-/tslib-1.9.3.tgz",
      "integrity": "sha512-4krF8scpejhaOgqzBEcGM7yDIEfi0/8+8zDRZhNZZ2kjmHJ4hv3zCbQWxoJGz1iw5U0Jl0nma13xzHXcncMavQ=="
    }
  }
}
